Microsoft Visual Studio Solution File, Format Version 12.00
# Visual Studio 15
VisualStudioVersion = 15.0.26730.3
MinimumVisualStudioVersion = 15.0.26124.0
Project("{9A19103F-16F7-4668-BE54-9A1E7A4F7556}") = "LedgerWallet", "LedgerWallet\LedgerWallet.csproj", "{0F58B917-740D-4A5F-AB3D-0A7DFC7C1856}"
EndProject
Project("{9A19103F-16F7-4668-BE54-9A1E7A4F7556}") = "LedgerWallet.Tests", "LedgerWallet.Tests\LedgerWallet.Tests.csproj", "{EEE0B243-517B-44AC-BF5B-A059B108E01B}"
EndProject
Project("{9A19103F-16F7-4668-BE54-9A1E7A4F7556}") = "LedgerWalletStandard", "LedgerWallet.Standard\LedgerWalletStandard.csproj", "{E4BC3603-E260-4334-912D-3A99209118AD}"
EndProject
Project("{9A19103F-16F7-4668-BE54-9A1E7A4F7556}") = "LedgerWallet.TestsStandard", "LedgerWallet.TestsStandard\LedgerWallet.TestsStandard.csproj", "{07AB87DC-A61F-4ACE-932F-D0159767B645}"
EndProject
Global
	GlobalSection(SolutionConfigurationPlatforms) = preSolution
		Debug|Any CPU = Debug|Any CPU
		Debug|x64 = Debug|x64
		Debug|x86 = Debug|x86
		Release|Any CPU = Release|Any CPU
		Release|x64 = Release|x64
		Release|x86 = Release|x86
	EndGlobalSection
	GlobalSection(ProjectConfigurationPlatforms) = postSolution
		{0F58B917-740D-4A5F-AB3D-0A7DFC7C1856}.Debug|Any CPU.ActiveCfg = Debug|Any CPU
		{0F58B917-740D-4A5F-AB3D-0A7DFC7C1856}.Debug|Any CPU.Build.0 = Debug|Any CPU
		{0F58B917-740D-4A5F-AB3D-0A7DFC7C1856}.Debug|x64.ActiveCfg = Debug|Any CPU
		{0F58B917-740D-4A5F-AB3D-0A7DFC7C1856}.Debug|x64.Build.0 = Debug|Any CPU
		{0F58B917-740D-4A5F-AB3D-0A7DFC7C1856}.Debug|x86.ActiveCfg = Debug|Any CPU
		{0F58B917-740D-4A5F-AB3D-0A7DFC7C1856}.Debug|x86.Build.0 = Debug|Any CPU
		{0F58B917-740D-4A5F-AB3D-0A7DFC7C1856}.Release|Any CPU.ActiveCfg = Release|Any CPU
		{0F58B917-740D-4A5F-AB3D-0A7DFC7C1856}.Release|Any CPU.Build.0 = Release|Any CPU
		{0F58B917-740D-4A5F-AB3D-0A7DFC7C1856}.Release|x64.ActiveCfg = Release|Any CPU
		{0F58B917-740D-4A5F-AB3D-0A7DFC7C1856}.Release|x64.Build.0 = Release|Any CPU
		{0F58B917-740D-4A5F-AB3D-0A7DFC7C1856}.Release|x86.ActiveCfg = Release|Any CPU
		{0F58B917-740D-4A5F-AB3D-0A7DFC7C1856}.Release|x86.Build.0 = Release|Any CPU
		{EEE0B243-517B-44AC-BF5B-A059B108E01B}.Debug|Any CPU.ActiveCfg = Debug|Any CPU
		{EEE0B243-517B-44AC-BF5B-A059B108E01B}.Debug|Any CPU.Build.0 = Debug|Any CPU
		{EEE0B243-517B-44AC-BF5B-A059B108E01B}.Debug|x64.ActiveCfg = Debug|Any CPU
		{EEE0B243-517B-44AC-BF5B-A059B108E01B}.Debug|x64.Build.0 = Debug|Any CPU
		{EEE0B243-517B-44AC-BF5B-A059B108E01B}.Debug|x86.ActiveCfg = Debug|Any CPU
		{EEE0B243-517B-44AC-BF5B-A059B108E01B}.Debug|x86.Build.0 = Debug|Any CPU
		{EEE0B243-517B-44AC-BF5B-A059B108E01B}.Release|Any CPU.ActiveCfg = Release|Any CPU
		{EEE0B243-517B-44AC-BF5B-A059B108E01B}.Release|Any CPU.Build.0 = Release|Any CPU
		{EEE0B243-517B-44AC-BF5B-A059B108E01B}.Release|x64.ActiveCfg = Release|Any CPU
		{EEE0B243-517B-44AC-BF5B-A059B108E01B}.Release|x64.Build.0 = Release|Any CPU
		{EEE0B243-517B-44AC-BF5B-A059B108E01B}.Release|x86.ActiveCfg = Release|Any CPU
		{EEE0B243-517B-44AC-BF5B-A059B108E01B}.Release|x86.Build.0 = Release|Any CPU
		{E4BC3603-E260-4334-912D-3A99209118AD}.Debug|Any CPU.ActiveCfg = Debug|Any CPU
		{E4BC3603-E260-4334-912D-3A99209118AD}.Debug|Any CPU.Build.0 = Debug|Any CPU
		{E4BC3603-E260-4334-912D-3A99209118AD}.Debug|x64.ActiveCfg = Debug|Any CPU
		{E4BC3603-E260-4334-912D-3A99209118AD}.Debug|x64.Build.0 = Debug|Any CPU
		{E4BC3603-E260-4334-912D-3A99209118AD}.Debug|x86.ActiveCfg = Debug|Any CPU
		{E4BC3603-E260-4334-912D-3A99209118AD}.Debug|x86.Build.0 = Debug|Any CPU
		{E4BC3603-E260-4334-912D-3A99209118AD}.Release|Any CPU.ActiveCfg = Release|Any CPU
		{E4BC3603-E260-4334-912D-3A99209118AD}.Release|Any CPU.Build.0 = Release|Any CPU
		{E4BC3603-E260-4334-912D-3A99209118AD}.Release|x64.ActiveCfg = Release|Any CPU
		{E4BC3603-E260-4334-912D-3A99209118AD}.Release|x64.Build.0 = Release|Any CPU
		{E4BC3603-E260-4334-912D-3A99209118AD}.Release|x86.ActiveCfg = Release|Any CPU
		{E4BC3603-E260-4334-912D-3A99209118AD}.Release|x86.Build.0 = Release|Any CPU
		{07AB87DC-A61F-4ACE-932F-D0159767B645}.Debug|Any CPU.ActiveCfg = Debug|Any CPU
		{07AB87DC-A61F-4ACE-932F-D0159767B645}.Debug|Any CPU.Build.0 = Debug|Any CPU
		{07AB87DC-A61F-4ACE-932F-D0159767B645}.Debug|x64.ActiveCfg = Debug|Any CPU
		{07AB87DC-A61F-4ACE-932F-D0159767B645}.Debug|x64.Build.0 = Debug|Any CPU
		{07AB87DC-A61F-4ACE-932F-D0159767B645}.Debug|x86.ActiveCfg = Debug|Any CPU
		{07AB87DC-A61F-4ACE-932F-D0159767B645}.Debug|x86.Build.0 = Debug|Any CPU
		{07AB87DC-A61F-4ACE-932F-D0159767B645}.Release|Any CPU.ActiveCfg = Release|Any CPU
		{07AB87DC-A61F-4ACE-932F-D0159767B645}.Release|Any CPU.Build.0 = Release|Any CPU
		{07AB87DC-A61F-4ACE-932F-D0159767B645}.Release|x64.ActiveCfg = Release|Any CPU
		{07AB87DC-A61F-4ACE-932F-D0159767B645}.Release|x64.Build.0 = Release|Any CPU
		{07AB87DC-A61F-4ACE-932F-D0159767B645}.Release|x86.ActiveCfg = Release|Any CPU
		{07AB87DC-A61F-4ACE-932F-D0159767B645}.Release|x86.Build.0 = Release|Any CPU
	EndGlobalSection
	GlobalSection(SolutionProperties) = preSolution
		HideSolutionNode = FALSE
	EndGlobalSection
	GlobalSection(ExtensibilityGlobals) = postSolution
		SolutionGuid = {33555F6C-20C5-4661-89BE-4BAC3E3A35F5}
	EndGlobalSection
EndGlobal
