Microsoft Visual Studio Solution File, Format Version 12.00
# Visual Studio 15
VisualStudioVersion = 15.0.26730.3
MinimumVisualStudioVersion = 15.0.26124.0
Project("{9A19103F-16F7-4668-BE54-9A1E7A4F7556}") = "LedgerWallet", "LedgerWallet\LedgerWallet.csproj", "{0F58B917-740D-4A5F-AB3D-0A7DFC7C1856}"
EndProject
Project("{9A19103F-16F7-4668-BE54-9A1E7A4F7556}") = "LedgerWallet.Tests", "LedgerWallet.Tests\LedgerWallet.Tests.csproj", "{EEE0B243-517B-44AC-BF5B-A059B108E01B}"
EndProject
Project("{9A19103F-16F7-4668-BE54-9A1E7A4F7556}") = "LedgerWallet.TestsCore", "LedgerWallet.TestsCore\LedgerWallet.TestsCore.csproj", "{4CFD5197-D7FE-445B-9EB3-EEC57018A4CA}"
EndProject
Project("{FAE04EC0-301F-11D3-BF4B-00C04F79EFBC}") = "LedgerWalletAndroidSample", "LedgerWalletAndroidSample\LedgerWalletAndroidSample.csproj", "{3BC0AC7E-3B3B-4D3F-9CC0-B2BDECC460A6}"
EndProject
Project("{FAE04EC0-301F-11D3-BF4B-00C04F79EFBC}") = "Hid.Net.Android", "..\hid.net\Hid.Net.Android\Hid.Net.Android.csproj", "{A6FB0608-0D21-4892-ADCE-3E79ABCC030D}"
EndProject
Global
	GlobalSection(SolutionConfigurationPlatforms) = preSolution
		Debug|Any CPU = Debug|Any CPU
		Debug|x64 = Debug|x64
		Debug|x86 = Debug|x86
		Release|Any CPU = Release|Any CPU
		Release|x64 = Release|x64
		Release|x86 = Release|x86
	EndGlobalSection
	GlobalSection(ProjectConfigurationPlatforms) = postSolution
		{0F58B917-740D-4A5F-AB3D-0A7DFC7C1856}.Debug|Any CPU.ActiveCfg = Debug|Any CPU
		{0F58B917-740D-4A5F-AB3D-0A7DFC7C1856}.Debug|Any CPU.Build.0 = Debug|Any CPU
		{0F58B917-740D-4A5F-AB3D-0A7DFC7C1856}.Debug|x64.ActiveCfg = Debug|Any CPU
		{0F58B917-740D-4A5F-AB3D-0A7DFC7C1856}.Debug|x64.Build.0 = Debug|Any CPU
		{0F58B917-740D-4A5F-AB3D-0A7DFC7C1856}.Debug|x86.ActiveCfg = Debug|Any CPU
		{0F58B917-740D-4A5F-AB3D-0A7DFC7C1856}.Debug|x86.Build.0 = Debug|Any CPU
		{0F58B917-740D-4A5F-AB3D-0A7DFC7C1856}.Release|Any CPU.ActiveCfg = Release|Any CPU
		{0F58B917-740D-4A5F-AB3D-0A7DFC7C1856}.Release|Any CPU.Build.0 = Release|Any CPU
		{0F58B917-740D-4A5F-AB3D-0A7DFC7C1856}.Release|x64.ActiveCfg = Release|Any CPU
		{0F58B917-740D-4A5F-AB3D-0A7DFC7C1856}.Release|x64.Build.0 = Release|Any CPU
		{0F58B917-740D-4A5F-AB3D-0A7DFC7C1856}.Release|x86.ActiveCfg = Release|Any CPU
		{0F58B917-740D-4A5F-AB3D-0A7DFC7C1856}.Release|x86.Build.0 = Release|Any CPU
		{EEE0B243-517B-44AC-BF5B-A059B108E01B}.Debug|Any CPU.ActiveCfg = Debug|Any CPU
		{EEE0B243-517B-44AC-BF5B-A059B108E01B}.Debug|Any CPU.Build.0 = Debug|Any CPU
		{EEE0B243-517B-44AC-BF5B-A059B108E01B}.Debug|x64.ActiveCfg = Debug|Any CPU
		{EEE0B243-517B-44AC-BF5B-A059B108E01B}.Debug|x64.Build.0 = Debug|Any CPU
		{EEE0B243-517B-44AC-BF5B-A059B108E01B}.Debug|x86.ActiveCfg = Debug|Any CPU
		{EEE0B243-517B-44AC-BF5B-A059B108E01B}.Debug|x86.Build.0 = Debug|Any CPU
		{EEE0B243-517B-44AC-BF5B-A059B108E01B}.Release|Any CPU.ActiveCfg = Release|Any CPU
		{EEE0B243-517B-44AC-BF5B-A059B108E01B}.Release|Any CPU.Build.0 = Release|Any CPU
		{EEE0B243-517B-44AC-BF5B-A059B108E01B}.Release|x64.ActiveCfg = Release|Any CPU
		{EEE0B243-517B-44AC-BF5B-A059B108E01B}.Release|x64.Build.0 = Release|Any CPU
		{EEE0B243-517B-44AC-BF5B-A059B108E01B}.Release|x86.ActiveCfg = Release|Any CPU
		{EEE0B243-517B-44AC-BF5B-A059B108E01B}.Release|x86.Build.0 = Release|Any CPU
		{4CFD5197-D7FE-445B-9EB3-EEC57018A4CA}.Debug|Any CPU.ActiveCfg = Debug|Any CPU
		{4CFD5197-D7FE-445B-9EB3-EEC57018A4CA}.Debug|Any CPU.Build.0 = Debug|Any CPU
		{4CFD5197-D7FE-445B-9EB3-EEC57018A4CA}.Debug|x64.ActiveCfg = Debug|Any CPU
		{4CFD5197-D7FE-445B-9EB3-EEC57018A4CA}.Debug|x64.Build.0 = Debug|Any CPU
		{4CFD5197-D7FE-445B-9EB3-EEC57018A4CA}.Debug|x86.ActiveCfg = Debug|Any CPU
		{4CFD5197-D7FE-445B-9EB3-EEC57018A4CA}.Debug|x86.Build.0 = Debug|Any CPU
		{4CFD5197-D7FE-445B-9EB3-EEC57018A4CA}.Release|Any CPU.ActiveCfg = Release|Any CPU
		{4CFD5197-D7FE-445B-9EB3-EEC57018A4CA}.Release|Any CPU.Build.0 = Release|Any CPU
		{4CFD5197-D7FE-445B-9EB3-EEC57018A4CA}.Release|x64.ActiveCfg = Release|Any CPU
		{4CFD5197-D7FE-445B-9EB3-EEC57018A4CA}.Release|x64.Build.0 = Release|Any CPU
		{4CFD5197-D7FE-445B-9EB3-EEC57018A4CA}.Release|x86.ActiveCfg = Release|Any CPU
		{4CFD5197-D7FE-445B-9EB3-EEC57018A4CA}.Release|x86.Build.0 = Release|Any CPU
		{3BC0AC7E-3B3B-4D3F-9CC0-B2BDECC460A6}.Debug|Any CPU.ActiveCfg = Debug|Any CPU
		{3BC0AC7E-3B3B-4D3F-9CC0-B2BDECC460A6}.Debug|Any CPU.Build.0 = Debug|Any CPU
		{3BC0AC7E-3B3B-4D3F-9CC0-B2BDECC460A6}.Debug|Any CPU.Deploy.0 = Debug|Any CPU
		{3BC0AC7E-3B3B-4D3F-9CC0-B2BDECC460A6}.Debug|x64.ActiveCfg = Debug|Any CPU
		{3BC0AC7E-3B3B-4D3F-9CC0-B2BDECC460A6}.Debug|x64.Build.0 = Debug|Any CPU
		{3BC0AC7E-3B3B-4D3F-9CC0-B2BDECC460A6}.Debug|x64.Deploy.0 = Debug|Any CPU
		{3BC0AC7E-3B3B-4D3F-9CC0-B2BDECC460A6}.Debug|x86.ActiveCfg = Debug|Any CPU
		{3BC0AC7E-3B3B-4D3F-9CC0-B2BDECC460A6}.Debug|x86.Build.0 = Debug|Any CPU
		{3BC0AC7E-3B3B-4D3F-9CC0-B2BDECC460A6}.Debug|x86.Deploy.0 = Debug|Any CPU
		{3BC0AC7E-3B3B-4D3F-9CC0-B2BDECC460A6}.Release|Any CPU.ActiveCfg = Release|Any CPU
		{3BC0AC7E-3B3B-4D3F-9CC0-B2BDECC460A6}.Release|Any CPU.Build.0 = Release|Any CPU
		{3BC0AC7E-3B3B-4D3F-9CC0-B2BDECC460A6}.Release|Any CPU.Deploy.0 = Release|Any CPU
		{3BC0AC7E-3B3B-4D3F-9CC0-B2BDECC460A6}.Release|x64.ActiveCfg = Release|Any CPU
		{3BC0AC7E-3B3B-4D3F-9CC0-B2BDECC460A6}.Release|x64.Build.0 = Release|Any CPU
		{3BC0AC7E-3B3B-4D3F-9CC0-B2BDECC460A6}.Release|x64.Deploy.0 = Release|Any CPU
		{3BC0AC7E-3B3B-4D3F-9CC0-B2BDECC460A6}.Release|x86.ActiveCfg = Release|Any CPU
		{3BC0AC7E-3B3B-4D3F-9CC0-B2BDECC460A6}.Release|x86.Build.0 = Release|Any CPU
		{3BC0AC7E-3B3B-4D3F-9CC0-B2BDECC460A6}.Release|x86.Deploy.0 = Release|Any CPU
		{A6FB0608-0D21-4892-ADCE-3E79ABCC030D}.Debug|Any CPU.ActiveCfg = Debug|Any CPU
		{A6FB0608-0D21-4892-ADCE-3E79ABCC030D}.Debug|Any CPU.Build.0 = Debug|Any CPU
		{A6FB0608-0D21-4892-ADCE-3E79ABCC030D}.Debug|x64.ActiveCfg = Debug|Any CPU
		{A6FB0608-0D21-4892-ADCE-3E79ABCC030D}.Debug|x64.Build.0 = Debug|Any CPU
		{A6FB0608-0D21-4892-ADCE-3E79ABCC030D}.Debug|x86.ActiveCfg = Debug|Any CPU
		{A6FB0608-0D21-4892-ADCE-3E79ABCC030D}.Debug|x86.Build.0 = Debug|Any CPU
		{A6FB0608-0D21-4892-ADCE-3E79ABCC030D}.Release|Any CPU.ActiveCfg = Release|Any CPU
		{A6FB0608-0D21-4892-ADCE-3E79ABCC030D}.Release|Any CPU.Build.0 = Release|Any CPU
		{A6FB0608-0D21-4892-ADCE-3E79ABCC030D}.Release|x64.ActiveCfg = Release|Any CPU
		{A6FB0608-0D21-4892-ADCE-3E79ABCC030D}.Release|x64.Build.0 = Release|Any CPU
		{A6FB0608-0D21-4892-ADCE-3E79ABCC030D}.Release|x86.ActiveCfg = Release|Any CPU
		{A6FB0608-0D21-4892-ADCE-3E79ABCC030D}.Release|x86.Build.0 = Release|Any CPU
	EndGlobalSection
	GlobalSection(SolutionProperties) = preSolution
		HideSolutionNode = FALSE
	EndGlobalSection
	GlobalSection(ExtensibilityGlobals) = postSolution
		SolutionGuid = {33555F6C-20C5-4661-89BE-4BAC3E3A35F5}
	EndGlobalSection
EndGlobal
